
Microsoft Visual Studio Solution File, Format Version 12.00
# Visual Studio Version 17
VisualStudioVersion = 17.0.31903.59
MinimumVisualStudioVersion = 10.0.40219.1
Project("{FAE04EC0-301F-11D3-BF4B-00C04F79EFBC}") = "Webhookachu", "Webhookachu\Webhookachu.csproj", "{BFA22D14-6481-44DC-81FD-CBCB7BDF5F40}"
EndProject
Project("{FAE04EC0-301F-11D3-BF4B-00C04F79EFBC}") = "Webhookachu.Tests", "Webhookachu.Tests\Webhookachu.Tests.csproj", "{AB27ECE4-9D02-4174-9D83-5E2AB18F5959}"
EndProject
Global
	GlobalSection(SolutionConfigurationPlatforms) = preSolution
		Debug|Any CPU = Debug|Any CPU
		Release|Any CPU = Release|Any CPU
	EndGlobalSection
	GlobalSection(SolutionProperties) = preSolution
		HideSolutionNode = FALSE
	EndGlobalSection
	GlobalSection(ProjectConfigurationPlatforms) = postSolution
		{BFA22D14-6481-44DC-81FD-CBCB7BDF5F40}.Debug|Any CPU.ActiveCfg = Debug|Any CPU
		{BFA22D14-6481-44DC-81FD-CBCB7BDF5F40}.Debug|Any CPU.Build.0 = Debug|Any CPU
		{BFA22D14-6481-44DC-81FD-CBCB7BDF5F40}.Release|Any CPU.ActiveCfg = Release|Any CPU
		{BFA22D14-6481-44DC-81FD-CBCB7BDF5F40}.Release|Any CPU.Build.0 = Release|Any CPU
		{AB27ECE4-9D02-4174-9D83-5E2AB18F5959}.Debug|Any CPU.ActiveCfg = Debug|Any CPU
		{AB27ECE4-9D02-4174-9D83-5E2AB18F5959}.Debug|Any CPU.Build.0 = Debug|Any CPU
		{AB27ECE4-9D02-4174-9D83-5E2AB18F5959}.Release|Any CPU.ActiveCfg = Release|Any CPU
		{AB27ECE4-9D02-4174-9D83-5E2AB18F5959}.Release|Any CPU.Build.0 = Release|Any CPU
	EndGlobalSection
EndGlobal
